
Microsoft Visual Studio Solution File, Format Version 12.00
# Visual Studio Version 17
VisualStudioVersion = 17.6.33801.468
MinimumVisualStudioVersion = 10.0.40219.1
Project("{FAE04EC0-301F-11D3-BF4B-00C04F79EFBC}") = "CDR project", "CDR project\CDR project.csproj", "{DA532F65-EF07-493E-B4B5-D92FE3F2FF8B}"
EndProject
Global
	GlobalSection(SolutionConfigurationPlatforms) = preSolution
		Debug|Any CPU = Debug|Any CPU
		Release|Any CPU = Release|Any CPU
	EndGlobalSection
	GlobalSection(ProjectConfigurationPlatforms) = postSolution
		{DA532F65-EF07-493E-B4B5-D92FE3F2FF8B}.Debug|Any CPU.ActiveCfg = Debug|Any CPU
		{DA532F65-EF07-493E-B4B5-D92FE3F2FF8B}.Debug|Any CPU.Build.0 = Debug|Any CPU
		{DA532F65-EF07-493E-B4B5-D92FE3F2FF8B}.Release|Any CPU.ActiveCfg = Release|Any CPU
		{DA532F65-EF07-493E-B4B5-D92FE3F2FF8B}.Release|Any CPU.Build.0 = Release|Any CPU
	EndGlobalSection
	GlobalSection(SolutionProperties) = preSolution
		HideSolutionNode = FALSE
	EndGlobalSection
	GlobalSection(ExtensibilityGlobals) = postSolution
		SolutionGuid = {D9F081C7-77B4-499A-B486-733EDCE0F1CC}
	EndGlobalSection
EndGlobal
