
Microsoft Visual Studio Solution File, Format Version 12.00
# Visual Studio Version 17
VisualStudioVersion = 17.6.33801.468
MinimumVisualStudioVersion = 10.0.40219.1
Project("{FAE04EC0-301F-11D3-BF4B-00C04F79EFBC}") = "Knowledge_base", "Knowledge_base\Knowledge_base.csproj", "{B468470D-4998-4FEA-BA8B-027D2AA7AFD6}"
EndProject
Global
	GlobalSection(SolutionConfigurationPlatforms) = preSolution
		Debug|Any CPU = Debug|Any CPU
		Release|Any CPU = Release|Any CPU
	EndGlobalSection
	GlobalSection(ProjectConfigurationPlatforms) = postSolution
		{B468470D-4998-4FEA-BA8B-027D2AA7AFD6}.Debug|Any CPU.ActiveCfg = Debug|Any CPU
		{B468470D-4998-4FEA-BA8B-027D2AA7AFD6}.Debug|Any CPU.Build.0 = Debug|Any CPU
		{B468470D-4998-4FEA-BA8B-027D2AA7AFD6}.Release|Any CPU.ActiveCfg = Release|Any CPU
		{B468470D-4998-4FEA-BA8B-027D2AA7AFD6}.Release|Any CPU.Build.0 = Release|Any CPU
	EndGlobalSection
	GlobalSection(SolutionProperties) = preSolution
		HideSolutionNode = FALSE
	EndGlobalSection
	GlobalSection(ExtensibilityGlobals) = postSolution
		SolutionGuid = {4C59216E-05B4-4515-85B1-433FF6AF30C5}
	EndGlobalSection
EndGlobal
